
Microsoft Visual Studio Solution File, Format Version 12.00
# Visual Studio Version 17
VisualStudioVersion = 17.2.32630.192
MinimumVisualStudioVersion = 10.0.40219.1
Project("{8BC9CEB8-8B4A-11D0-8D11-00A0C91BC942}") = "algorithm", "algorithm.vcxproj", "{0D29697B-2DAD-47F2-9B27-4ED6A8BD2925}"
EndProject
Project("{8BC9CEB8-8B4A-11D0-8D11-00A0C91BC942}") = "Maze", "..\Maze\Maze.vcxproj", "{02F1FC77-1D38-4387-A97B-A548CAF34353}"
EndProject
Global
	GlobalSection(SolutionConfigurationPlatforms) = preSolution
		Debug|x64 = Debug|x64
		Debug|x86 = Debug|x86
		Release|x64 = Release|x64
		Release|x86 = Release|x86
	EndGlobalSection
	GlobalSection(ProjectConfigurationPlatforms) = postSolution
		{0D29697B-2DAD-47F2-9B27-4ED6A8BD2925}.Debug|x64.ActiveCfg = Debug|x64
		{0D29697B-2DAD-47F2-9B27-4ED6A8BD2925}.Debug|x64.Build.0 = Debug|x64
		{0D29697B-2DAD-47F2-9B27-4ED6A8BD2925}.Debug|x86.ActiveCfg = Debug|Win32
		{0D29697B-2DAD-47F2-9B27-4ED6A8BD2925}.Debug|x86.Build.0 = Debug|Win32
		{0D29697B-2DAD-47F2-9B27-4ED6A8BD2925}.Release|x64.ActiveCfg = Release|x64
		{0D29697B-2DAD-47F2-9B27-4ED6A8BD2925}.Release|x64.Build.0 = Release|x64
		{0D29697B-2DAD-47F2-9B27-4ED6A8BD2925}.Release|x86.ActiveCfg = Release|Win32
		{0D29697B-2DAD-47F2-9B27-4ED6A8BD2925}.Release|x86.Build.0 = Release|Win32
		{02F1FC77-1D38-4387-A97B-A548CAF34353}.Debug|x64.ActiveCfg = Debug|x64
		{02F1FC77-1D38-4387-A97B-A548CAF34353}.Debug|x64.Build.0 = Debug|x64
		{02F1FC77-1D38-4387-A97B-A548CAF34353}.Debug|x86.ActiveCfg = Debug|Win32
		{02F1FC77-1D38-4387-A97B-A548CAF34353}.Debug|x86.Build.0 = Debug|Win32
		{02F1FC77-1D38-4387-A97B-A548CAF34353}.Release|x64.ActiveCfg = Release|x64
		{02F1FC77-1D38-4387-A97B-A548CAF34353}.Release|x64.Build.0 = Release|x64
		{02F1FC77-1D38-4387-A97B-A548CAF34353}.Release|x86.ActiveCfg = Release|Win32
		{02F1FC77-1D38-4387-A97B-A548CAF34353}.Release|x86.Build.0 = Release|Win32
	EndGlobalSection
	GlobalSection(SolutionProperties) = preSolution
		HideSolutionNode = FALSE
	EndGlobalSection
	GlobalSection(ExtensibilityGlobals) = postSolution
		SolutionGuid = {01DDA318-815B-4DA6-9446-F096E7DEF9AB}
	EndGlobalSection
EndGlobal
